
Microsoft Visual Studio Solution File, Format Version 10.00
# Visual Studio 2008
Project("{FAE04EC0-301F-11D3-BF4B-00C04F79EFBC}") = "Server", "Server\Server.csproj", "{936E6D55-416C-4008-A682-84825AE0E4DB}"
EndProject
Project("{FAE04EC0-301F-11D3-BF4B-00C04F79EFBC}") = "Specifications", "Specifications\Specifications.csproj", "{F1BCCFD7-5B2D-4255-887C-BF06A03D4D2F}"
EndProject
Project("{FAE04EC0-301F-11D3-BF4B-00C04F79EFBC}") = "Framework", "Framework\Framework.csproj", "{12400276-AA80-418A-9D57-AE4B77EAAF51}"
EndProject
Project("{FAE04EC0-301F-11D3-BF4B-00C04F79EFBC}") = "Core", "Core\Core.csproj", "{3CF36FF9-CE32-4868-84EC-D76E1E75148C}"
EndProject
Project("{FAE04EC0-301F-11D3-BF4B-00C04F79EFBC}") = "TestStepDefinitions", "TestStepDefinitions\TestStepDefinitions.csproj", "{AE068AEA-645F-4DF7-BAD1-671B5DE5576D}"
EndProject
Global
	GlobalSection(SolutionConfigurationPlatforms) = preSolution
		Debug|Any CPU = Debug|Any CPU
		Release|Any CPU = Release|Any CPU
	EndGlobalSection
	GlobalSection(ProjectConfigurationPlatforms) = postSolution
		{936E6D55-416C-4008-A682-84825AE0E4DB}.Debug|Any CPU.ActiveCfg = Debug|Any CPU
		{936E6D55-416C-4008-A682-84825AE0E4DB}.Debug|Any CPU.Build.0 = Debug|Any CPU
		{936E6D55-416C-4008-A682-84825AE0E4DB}.Release|Any CPU.ActiveCfg = Release|Any CPU
		{936E6D55-416C-4008-A682-84825AE0E4DB}.Release|Any CPU.Build.0 = Release|Any CPU
		{F1BCCFD7-5B2D-4255-887C-BF06A03D4D2F}.Debug|Any CPU.ActiveCfg = Debug|Any CPU
		{F1BCCFD7-5B2D-4255-887C-BF06A03D4D2F}.Debug|Any CPU.Build.0 = Debug|Any CPU
		{F1BCCFD7-5B2D-4255-887C-BF06A03D4D2F}.Release|Any CPU.ActiveCfg = Release|Any CPU
		{F1BCCFD7-5B2D-4255-887C-BF06A03D4D2F}.Release|Any CPU.Build.0 = Release|Any CPU
		{12400276-AA80-418A-9D57-AE4B77EAAF51}.Debug|Any CPU.ActiveCfg = Debug|Any CPU
		{12400276-AA80-418A-9D57-AE4B77EAAF51}.Debug|Any CPU.Build.0 = Debug|Any CPU
		{12400276-AA80-418A-9D57-AE4B77EAAF51}.Release|Any CPU.ActiveCfg = Release|Any CPU
		{12400276-AA80-418A-9D57-AE4B77EAAF51}.Release|Any CPU.Build.0 = Release|Any CPU
		{3CF36FF9-CE32-4868-84EC-D76E1E75148C}.Debug|Any CPU.ActiveCfg = Debug|Any CPU
		{3CF36FF9-CE32-4868-84EC-D76E1E75148C}.Debug|Any CPU.Build.0 = Debug|Any CPU
		{3CF36FF9-CE32-4868-84EC-D76E1E75148C}.Release|Any CPU.ActiveCfg = Release|Any CPU
		{3CF36FF9-CE32-4868-84EC-D76E1E75148C}.Release|Any CPU.Build.0 = Release|Any CPU
		{AE068AEA-645F-4DF7-BAD1-671B5DE5576D}.Debug|Any CPU.ActiveCfg = Debug|Any CPU
		{AE068AEA-645F-4DF7-BAD1-671B5DE5576D}.Debug|Any CPU.Build.0 = Debug|Any CPU
		{AE068AEA-645F-4DF7-BAD1-671B5DE5576D}.Release|Any CPU.ActiveCfg = Release|Any CPU
		{AE068AEA-645F-4DF7-BAD1-671B5DE5576D}.Release|Any CPU.Build.0 = Release|Any CPU
	EndGlobalSection
	GlobalSection(SolutionProperties) = preSolution
		HideSolutionNode = FALSE
	EndGlobalSection
EndGlobal
